// !$*UTF8*$!
{
	archiveVersion = 1;
	classes = {
	};
	objectVersion = 51;
	objects = {

/* Begin PBXBuildFile section */
		AB86F3D6265E037C004F6C71 /* AppDelegate.swift in Sources */ = {isa = PBXBuildFile; fileRef = AB86F3D5265E037C004F6C71 /* AppDelegate.swift */; };
		AB86F3D8265E037C004F6C71 /* SceneDelegate.swift in Sources */ = {isa = PBXBuildFile; fileRef = AB86F3D7265E037C004F6C71 /* SceneDelegate.swift */; };
		AB86F3DD265E037C004F6C71 /* Main.storyboard in Resources */ = {isa = PBXBuildFile; fileRef = AB86F3DB265E037C004F6C71 /* Main.storyboard */; };
		AB86F3DF265E0380004F6C71 /* Assets.xcassets in Resources */ = {isa = PBXBuildFile; fileRef = AB86F3DE265E0380004F6C71 /* Assets.xcassets */; };
		AB86F3E2265E0380004F6C71 /* LaunchScreen.storyboard in Resources */ = {isa = PBXBuildFile; fileRef = AB86F3E0265E0380004F6C71 /* LaunchScreen.storyboard */; };
		ABC57AAF2660A50D006C9F08 /* PlusViewController.swift in Sources */ = {isa = PBXBuildFile; fileRef = ABC57AAE2660A50D006C9F08 /* PlusViewController.swift */; };
		ABC57AB12660A512006C9F08 /* MinusViewController.swift in Sources */ = {isa = PBXBuildFile; fileRef = ABC57AB02660A512006C9F08 /* MinusViewController.swift */; };
		ABC57AB72660A68B006C9F08 /* CalculatorView.xib in Resources */ = {isa = PBXBuildFile; fileRef = ABC57AB62660A68B006C9F08 /* CalculatorView.xib */; };
		ABC57AB92660A71E006C9F08 /* CalculatorView.swift in Sources */ = {isa = PBXBuildFile; fileRef = ABC57AB82660A71E006C9F08 /* CalculatorView.swift */; };
		B834DB098AE1DEE9EEF3AF2D /* Pods_oonishiReonKadai7.framework in Frameworks */ = {isa = PBXBuildFile; fileRef = 16965F7F3B33FB028A9C4F0D /* Pods_oonishiReonKadai7.framework */; };
/* End PBXBuildFile section */

/* Begin PBXFileReference section */
		122A51892B7C0B9118219C84 /* Pods-oonishiReonKadai7.release.xcconfig */ = {isa = PBXFileReference; includeInIndex = 1; lastKnownFileType = text.xcconfig; name = "Pods-oonishiReonKadai7.release.xcconfig"; path = "Target Support Files/Pods-oonishiReonKadai7/Pods-oonishiReonKadai7.release.xcconfig"; sourceTree = "<group>"; };
		16965F7F3B33FB028A9C4F0D /* Pods_oonishiReonKadai7.framework */ = {isa = PBXFileReference; explicitFileType = wrapper.framework; includeInIndex = 0; path = Pods_oonishiReonKadai7.framework; sourceTree = BUILT_PRODUCTS_DIR; };
		AB86F3D2265E037C004F6C71 /* oonishiReonKadai7.app */ = {isa = PBXFileReference; explicitFileType = wrapper.application; includeInIndex = 0; path = oonishiReonKadai7.app; sourceTree = BUILT_PRODUCTS_DIR; };
		AB86F3D5265E037C004F6C71 /* AppDelegate.swift */ = {isa = PBXFileReference; lastKnownFileType = sourcecode.swift; path = AppDelegate.swift; sourceTree = "<group>"; };
		AB86F3D7265E037C004F6C71 /* SceneDelegate.swift */ = {isa = PBXFileReference; lastKnownFileType = sourcecode.swift; path = SceneDelegate.swift; sourceTree = "<group>"; };
		AB86F3DC265E037C004F6C71 /* Base */ = {isa = PBXFileReference; lastKnownFileType = file.storyboard; name = Base; path = Base.lproj/Main.storyboard; sourceTree = "<group>"; };
		AB86F3DE265E0380004F6C71 /* Assets.xcassets */ = {isa = PBXFileReference; lastKnownFileType = folder.assetcatalog; path = Assets.xcassets; sourceTree = "<group>"; };
		AB86F3E1265E0380004F6C71 /* Base */ = {isa = PBXFileReference; lastKnownFileType = file.storyboard; name = Base; path = Base.lproj/LaunchScreen.storyboard; sourceTree = "<group>"; };
		AB86F3E3265E0380004F6C71 /* Info.plist */ = {isa = PBXFileReference; lastKnownFileType = text.plist.xml; path = Info.plist; sourceTree = "<group>"; };
		ABC57AAE2660A50D006C9F08 /* PlusViewController.swift */ = {isa = PBXFileReference; lastKnownFileType = sourcecode.swift; path = PlusViewController.swift; sourceTree = "<group>"; };
		ABC57AB02660A512006C9F08 /* MinusViewController.swift */ = {isa = PBXFileReference; lastKnownFileType = sourcecode.swift; path = MinusViewController.swift; sourceTree = "<group>"; };
		ABC57AB62660A68B006C9F08 /* CalculatorView.xib */ = {isa = PBXFileReference; lastKnownFileType = file.xib; path = CalculatorView.xib; sourceTree = "<group>"; };
		ABC57AB82660A71E006C9F08 /* CalculatorView.swift */ = {isa = PBXFileReference; lastKnownFileType = sourcecode.swift; path = CalculatorView.swift; sourceTree = "<group>"; };
		FE8A4D4F869E6F5C6D69F6B2 /* Pods-oonishiReonKadai7.debug.xcconfig */ = {isa = PBXFileReference; includeInIndex = 1; lastKnownFileType = text.xcconfig; name = "Pods-oonishiReonKadai7.debug.xcconfig"; path = "Target Support Files/Pods-oonishiReonKadai7/Pods-oonishiReonKadai7.debug.xcconfig"; sourceTree = "<group>"; };
/* End PBXFileReference section */

/* Begin PBXFrameworksBuildPhase section */
		AB86F3CF265E037C004F6C71 /* Frameworks */ = {
			isa = PBXFrameworksBuildPhase;
			buildActionMask = 2147483647;
			files = (
				B834DB098AE1DEE9EEF3AF2D /* Pods_oonishiReonKadai7.framework in Frameworks */,
			);
			runOnlyForDeploymentPostprocessing = 0;
		};
/* End PBXFrameworksBuildPhase section */

/* Begin PBXGroup section */
		4CCDF8F470DD901291D1E02F /* Pods */ = {
			isa = PBXGroup;
			children = (
				FE8A4D4F869E6F5C6D69F6B2 /* Pods-oonishiReonKadai7.debug.xcconfig */,
				122A51892B7C0B9118219C84 /* Pods-oonishiReonKadai7.release.xcconfig */,
			);
			path = Pods;
			sourceTree = "<group>";
		};
		AB86F3C9265E037C004F6C71 = {
			isa = PBXGroup;
			children = (
				AB86F3D4265E037C004F6C71 /* oonishiReonKadai7 */,
				AB86F3D3265E037C004F6C71 /* Products */,
				4CCDF8F470DD901291D1E02F /* Pods */,
				BFFC0FAE0945667E349B1594 /* Frameworks */,
			);
			sourceTree = "<group>";
		};
		AB86F3D3265E037C004F6C71 /* Products */ = {
			isa = PBXGroup;
			children = (
				AB86F3D2265E037C004F6C71 /* oonishiReonKadai7.app */,
			);
			name = Products;
			sourceTree = "<group>";
		};
		AB86F3D4265E037C004F6C71 /* oonishiReonKadai7 */ = {
			isa = PBXGroup;
			children = (
				ABC57ABA2660AB2A006C9F08 /* Models */,
				ABC57ABC2660AB36006C9F08 /* Views */,
				ABC57ABB2660AB2E006C9F08 /* ViewModels */,
				AB86F3D5265E037C004F6C71 /* AppDelegate.swift */,
				AB86F3D7265E037C004F6C71 /* SceneDelegate.swift */,
				AB86F3DE265E0380004F6C71 /* Assets.xcassets */,
				AB86F3E0265E0380004F6C71 /* LaunchScreen.storyboard */,
				AB86F3E3265E0380004F6C71 /* Info.plist */,
			);
			path = oonishiReonKadai7;
			sourceTree = "<group>";
		};
		ABC57ABA2660AB2A006C9F08 /* Models */ = {
			isa = PBXGroup;
			children = (
			);
			path = Models;
			sourceTree = "<group>";
		};
		ABC57ABB2660AB2E006C9F08 /* ViewModels */ = {
			isa = PBXGroup;
			children = (
			);
			path = ViewModels;
			sourceTree = "<group>";
		};
		ABC57ABC2660AB36006C9F08 /* Views */ = {
			isa = PBXGroup;
			children = (
				ABC57AB62660A68B006C9F08 /* CalculatorView.xib */,
				ABC57AB82660A71E006C9F08 /* CalculatorView.swift */,
				AB86F3DB265E037C004F6C71 /* Main.storyboard */,
				ABC57AAE2660A50D006C9F08 /* PlusViewController.swift */,
				ABC57AB02660A512006C9F08 /* MinusViewController.swift */,
			);
			path = Views;
			sourceTree = "<group>";
		};
		BFFC0FAE0945667E349B1594 /* Frameworks */ = {
			isa = PBXGroup;
			children = (
				16965F7F3B33FB028A9C4F0D /* Pods_oonishiReonKadai7.framework */,
			);
			name = Frameworks;
			sourceTree = "<group>";
		};
/* End PBXGroup section */

/* Begin PBXNativeTarget section */
		AB86F3D1265E037C004F6C71 /* oonishiReonKadai7 */ = {
			isa = PBXNativeTarget;
			buildConfigurationList = AB86F3E6265E0380004F6C71 /* Build configuration list for PBXNativeTarget "oonishiReonKadai7" */;
			buildPhases = (
				3BFC0E540707B1CC9BBD15F8 /* [CP] Check Pods Manifest.lock */,
				AB86F3CE265E037C004F6C71 /* Sources */,
				AB86F3CF265E037C004F6C71 /* Frameworks */,
				AB86F3D0265E037C004F6C71 /* Resources */,
				131D75BB45836E3A73227AED /* [CP] Embed Pods Frameworks */,
			);
			buildRules = (
			);
			dependencies = (
			);
			name = oonishiReonKadai7;
			productName = oonishiReonKadai7;
			productReference = AB86F3D2265E037C004F6C71 /* oonishiReonKadai7.app */;
			productType = "com.apple.product-type.application";
		};
/* End PBXNativeTarget section */

/* Begin PBXProject section */
		AB86F3CA265E037C004F6C71 /* Project object */ = {
			isa = PBXProject;
			attributes = {
				LastSwiftUpdateCheck = 1250;
				LastUpgradeCheck = 1250;
				TargetAttributes = {
					AB86F3D1265E037C004F6C71 = {
						CreatedOnToolsVersion = 12.5;
					};
				};
			};
			buildConfigurationList = AB86F3CD265E037C004F6C71 /* Build configuration list for PBXProject "oonishiReonKadai7" */;
			compatibilityVersion = "Xcode 9.3";
			developmentRegion = en;
			hasScannedForEncodings = 0;
			knownRegions = (
				en,
				Base,
			);
			mainGroup = AB86F3C9265E037C004F6C71;
			productRefGroup = AB86F3D3265E037C004F6C71 /* Products */;
			projectDirPath = "";
			projectRoot = "";
			targets = (
				AB86F3D1265E037C004F6C71 /* oonishiReonKadai7 */,
			);
		};
/* End PBXProject section */

/* Begin PBXResourcesBuildPhase section */
		AB86F3D0265E037C004F6C71 /* Resources */ = {
			isa = PBXResourcesBuildPhase;
			buildActionMask = 2147483647;
			files = (
				ABC57AB72660A68B006C9F08 /* CalculatorView.xib in Resources */,
				AB86F3E2265E0380004F6C71 /* LaunchScreen.storyboard in Resources */,
				AB86F3DF265E0380004F6C71 /* Assets.xcassets in Resources */,
				AB86F3DD265E037C004F6C71 /* Main.storyboard in Resources */,
			);
			runOnlyForDeploymentPostprocessing = 0;
		};
/* End PBXResourcesBuildPhase section */

/* Begin PBXShellScriptBuildPhase section */
		131D75BB45836E3A73227AED /* [CP] Embed Pods Frameworks */ = {
			isa = PBXShellScriptBuildPhase;
			buildActionMask = 2147483647;
			files = (
			);
			inputFileListPaths = (
				"${PODS_ROOT}/Target Support Files/Pods-oonishiReonKadai7/Pods-oonishiReonKadai7-frameworks-${CONFIGURATION}-input-files.xcfilelist",
			);
			name = "[CP] Embed Pods Frameworks";
			outputFileListPaths = (
				"${PODS_ROOT}/Target Support Files/Pods-oonishiReonKadai7/Pods-oonishiReonKadai7-frameworks-${CONFIGURATION}-output-files.xcfilelist",
			);
			runOnlyForDeploymentPostprocessing = 0;
			shellPath = /bin/sh;
			shellScript = "\"${PODS_ROOT}/Target Support Files/Pods-oonishiReonKadai7/Pods-oonishiReonKadai7-frameworks.sh\"\n";
			showEnvVarsInLog = 0;
		};
		3BFC0E540707B1CC9BBD15F8 /* [CP] Check Pods Manifest.lock */ = {
			isa = PBXShellScriptBuildPhase;
			buildActionMask = 2147483647;
			files = (
			);
			inputFileListPaths = (
			);
			inputPaths = (
				"${PODS_PODFILE_DIR_PATH}/Podfile.lock",
				"${PODS_ROOT}/Manifest.lock",
			);
			name = "[CP] Check Pods Manifest.lock";
			outputFileListPaths = (
			);
			outputPaths = (
				"$(DERIVED_FILE_DIR)/Pods-oonishiReonKadai7-checkManifestLockResult.txt",
			);
			runOnlyForDeploymentPostprocessing = 0;
			shellPath = /bin/sh;
			shellScript = "diff \"${PODS_PODFILE_DIR_PATH}/Podfile.lock\" \"${PODS_ROOT}/Manifest.lock\" > /dev/null\nif [ $? != 0 ] ; then\n    # print error to STDERR\n    echo \"error: The sandbox is not in sync with the Podfile.lock. Run 'pod install' or update your CocoaPods installation.\" >&2\n    exit 1\nfi\n# This output is used by Xcode 'outputs' to avoid re-running this script phase.\necho \"SUCCESS\" > \"${SCRIPT_OUTPUT_FILE_0}\"\n";
			showEnvVarsInLog = 0;
		};
/* End PBXShellScriptBuildPhase section */

/* Begin PBXSourcesBuildPhase section */
		AB86F3CE265E037C004F6C71 /* Sources */ = {
			isa = PBXSourcesBuildPhase;
			buildActionMask = 2147483647;
			files = (
				ABC57AB12660A512006C9F08 /* MinusViewController.swift in Sources */,
				AB86F3D6265E037C004F6C71 /* AppDelegate.swift in Sources */,
				ABC57AAF2660A50D006C9F08 /* PlusViewController.swift in Sources */,
				ABC57AB92660A71E006C9F08 /* CalculatorView.swift in Sources */,
				AB86F3D8265E037C004F6C71 /* SceneDelegate.swift in Sources */,
			);
			runOnlyForDeploymentPostprocessing = 0;
		};
/* End PBXSourcesBuildPhase section */

/* Begin PBXVariantGroup section */
		AB86F3DB265E037C004F6C71 /* Main.storyboard */ = {
			isa = PBXVariantGroup;
			children = (
				AB86F3DC265E037C004F6C71 /* Base */,
			);
			name = Main.storyboard;
			sourceTree = "<group>";
		};
		AB86F3E0265E0380004F6C71 /* LaunchScreen.storyboard */ = {
			isa = PBXVariantGroup;
			children = (
				AB86F3E1265E0380004F6C71 /* Base */,
			);
			name = LaunchScreen.storyboard;
			sourceTree = "<group>";
		};
/* End PBXVariantGroup section */

/* Begin XCBuildConfiguration section */
		AB86F3E4265E0380004F6C71 /* Debug */ = {
			isa = XCBuildConfiguration;
			buildSettings = {
				ALWAYS_SEARCH_USER_PATHS = NO;
				CLANG_ANALYZER_NONNULL = YES;
				CLANG_ANALYZER_NUMBER_OBJECT_CONVERSION = YES_AGGRESSIVE;
				CLANG_CXX_LANGUAGE_STANDARD = "gnu++14";
				CLANG_CXX_LIBRARY = "libc++";
				CLANG_ENABLE_MODULES = YES;
				CLANG_ENABLE_OBJC_ARC = YES;
				CLANG_ENABLE_OBJC_WEAK = YES;
				CLANG_WARN_BLOCK_CAPTURE_AUTORELEASING = YES;
				CLANG_WARN_BOOL_CONVERSION = YES;
				CLANG_WARN_COMMA = YES;
				CLANG_WARN_CONSTANT_CONVERSION = YES;
				CLANG_WARN_DEPRECATED_OBJC_IMPLEMENTATIONS = YES;
				CLANG_WARN_DIRECT_OBJC_ISA_USAGE = YES_ERROR;
				CLANG_WARN_DOCUMENTATION_COMMENTS = YES;
				CLANG_WARN_EMPTY_BODY = YES;
				CLANG_WARN_ENUM_CONVERSION = YES;
				CLANG_WARN_INFINITE_RECURSION = YES;
				CLANG_WARN_INT_CONVERSION = YES;
				CLANG_WARN_NON_LITERAL_NULL_CONVERSION = YES;
				CLANG_WARN_OBJC_IMPLICIT_RETAIN_SELF = YES;
				CLANG_WARN_OBJC_LITERAL_CONVERSION = YES;
				CLANG_WARN_OBJC_ROOT_CLASS = YES_ERROR;
				CLANG_WARN_QUOTED_INCLUDE_IN_FRAMEWORK_HEADER = YES;
				CLANG_WARN_RANGE_LOOP_ANALYSIS = YES;
				CLANG_WARN_STRICT_PROTOTYPES = YES;
				CLANG_WARN_SUSPICIOUS_MOVE = YES;
				CLANG_WARN_UNGUARDED_AVAILABILITY = YES_AGGRESSIVE;
				CLANG_WARN_UNREACHABLE_CODE = YES;
				CLANG_WARN__DUPLICATE_METHOD_MATCH = YES;
				COPY_PHASE_STRIP = NO;
				DEBUG_INFORMATION_FORMAT = dwarf;
				ENABLE_STRICT_OBJC_MSGSEND = YES;
				ENABLE_TESTABILITY = YES;
				GCC_C_LANGUAGE_STANDARD = gnu11;
				GCC_DYNAMIC_NO_PIC = NO;
				GCC_NO_COMMON_BLOCKS = YES;
				GCC_OPTIMIZATION_LEVEL = 0;
				GCC_PREPROCESSOR_DEFINITIONS = (
					"DEBUG=1",
					"$(inherited)",
				);
				GCC_WARN_64_TO_32_BIT_CONVERSION = YES;
				GCC_WARN_ABOUT_RETURN_TYPE = YES_ERROR;
				GCC_WARN_UNDECLARED_SELECTOR = YES;
				GCC_WARN_UNINITIALIZED_AUTOS = YES_AGGRESSIVE;
				GCC_WARN_UNUSED_FUNCTION = YES;
				GCC_WARN_UNUSED_VARIABLE = YES;
				IPHONEOS_DEPLOYMENT_TARGET = 14.5;
				MTL_ENABLE_DEBUG_INFO = INCLUDE_SOURCE;
				MTL_FAST_MATH = YES;
				ONLY_ACTIVE_ARCH = YES;
				SDKROOT = iphoneos;
				SWIFT_ACTIVE_COMPILATION_CONDITIONS = DEBUG;
				SWIFT_OPTIMIZATION_LEVEL = "-Onone";
			};
			name = Debug;
		};
		AB86F3E5265E0380004F6C71 /* Release */ = {
			isa = XCBuildConfiguration;
			buildSettings = {
				ALWAYS_SEARCH_USER_PATHS = NO;
				CLANG_ANALYZER_NONNULL = YES;
				CLANG_ANALYZER_NUMBER_OBJECT_CONVERSION = YES_AGGRESSIVE;
				CLANG_CXX_LANGUAGE_STANDARD = "gnu++14";
				CLANG_CXX_LIBRARY = "libc++";
				CLANG_ENABLE_MODULES = YES;
				CLANG_ENABLE_OBJC_ARC = YES;
				CLANG_ENABLE_OBJC_WEAK = YES;
				CLANG_WARN_BLOCK_CAPTURE_AUTORELEASING = YES;
				CLANG_WARN_BOOL_CONVERSION = YES;
				CLANG_WARN_COMMA = YES;
				CLANG_WARN_CONSTANT_CONVERSION = YES;
				CLANG_WARN_DEPRECATED_OBJC_IMPLEMENTATIONS = YES;
				CLANG_WARN_DIRECT_OBJC_ISA_USAGE = YES_ERROR;
				CLANG_WARN_DOCUMENTATION_COMMENTS = YES;
				CLANG_WARN_EMPTY_BODY = YES;
				CLANG_WARN_ENUM_CONVERSION = YES;
				CLANG_WARN_INFINITE_RECURSION = YES;
				CLANG_WARN_INT_CONVERSION = YES;
				CLANG_WARN_NON_LITERAL_NULL_CONVERSION = YES;
				CLANG_WARN_OBJC_IMPLICIT_RETAIN_SELF = YES;
				CLANG_WARN_OBJC_LITERAL_CONVERSION = YES;
				CLANG_WARN_OBJC_ROOT_CLASS = YES_ERROR;
				CLANG_WARN_QUOTED_INCLUDE_IN_FRAMEWORK_HEADER = YES;
				CLANG_WARN_RANGE_LOOP_ANALYSIS = YES;
				CLANG_WARN_STRICT_PROTOTYPES = YES;
				CLANG_WARN_SUSPICIOUS_MOVE = YES;
				CLANG_WARN_UNGUARDED_AVAILABILITY = YES_AGGRESSIVE;
				CLANG_WARN_UNREACHABLE_CODE = YES;
				CLANG_WARN__DUPLICATE_METHOD_MATCH = YES;
				COPY_PHASE_STRIP = NO;
				DEBUG_INFORMATION_FORMAT = "dwarf-with-dsym";
				ENABLE_NS_ASSERTIONS = NO;
				ENABLE_STRICT_OBJC_MSGSEND = YES;
				GCC_C_LANGUAGE_STANDARD = gnu11;
				GCC_NO_COMMON_BLOCKS = YES;
				GCC_WARN_64_TO_32_BIT_CONVERSION = YES;
				GCC_WARN_ABOUT_RETURN_TYPE = YES_ERROR;
				GCC_WARN_UNDECLARED_SELECTOR = YES;
				GCC_WARN_UNINITIALIZED_AUTOS = YES_AGGRESSIVE;
				GCC_WARN_UNUSED_FUNCTION = YES;
				GCC_WARN_UNUSED_VARIABLE = YES;
				IPHONEOS_DEPLOYMENT_TARGET = 14.5;
				MTL_ENABLE_DEBUG_INFO = NO;
				MTL_FAST_MATH = YES;
				SDKROOT = iphoneos;
				SWIFT_COMPILATION_MODE = wholemodule;
				SWIFT_OPTIMIZATION_LEVEL = "-O";
				VALIDATE_PRODUCT = YES;
			};
			name = Release;
		};
		AB86F3E7265E0380004F6C71 /* Debug */ = {
			isa = XCBuildConfiguration;
			baseConfigurationReference = FE8A4D4F869E6F5C6D69F6B2 /* Pods-oonishiReonKadai7.debug.xcconfig */;
			buildSettings = {
				ASSETCATALOG_COMPILER_APPICON_NAME = AppIcon;
				ASSETCATALOG_COMPILER_GLOBAL_ACCENT_COLOR_NAME = AccentColor;
				CODE_SIGN_STYLE = Automatic;
				DEVELOPMENT_TEAM = 242KS3V77L;
				INFOPLIST_FILE = oonishiReonKadai7/Info.plist;
				LD_RUNPATH_SEARCH_PATHS = (
					"$(inherited)",
					"@executable_path/Frameworks",
				);
				PRODUCT_BUNDLE_IDENTIFIER = oonishireon.oonishiReonKadai7;
				PRODUCT_NAME = "$(TARGET_NAME)";
				SWIFT_VERSION = 5.0;
				TARGETED_DEVICE_FAMILY = "1,2";
			};
			name = Debug;
		};
		AB86F3E8265E0380004F6C71 /* Release */ = {
			isa = XCBuildConfiguration;
			baseConfigurationReference = 122A51892B7C0B9118219C84 /* Pods-oonishiReonKadai7.release.xcconfig */;
			buildSettings = {
				ASSETCATALOG_COMPILER_APPICON_NAME = AppIcon;
				ASSETCATALOG_COMPILER_GLOBAL_ACCENT_COLOR_NAME = AccentColor;
				CODE_SIGN_STYLE = Automatic;
				DEVELOPMENT_TEAM = 242KS3V77L;
				INFOPLIST_FILE = oonishiReonKadai7/Info.plist;
				LD_RUNPATH_SEARCH_PATHS = (
					"$(inherited)",
					"@executable_path/Frameworks",
				);
				PRODUCT_BUNDLE_IDENTIFIER = oonishireon.oonishiReonKadai7;
				PRODUCT_NAME = "$(TARGET_NAME)";
				SWIFT_VERSION = 5.0;
				TARGETED_DEVICE_FAMILY = "1,2";
			};
			name = Release;
		};
/* End XCBuildConfiguration section */

/* Begin XCConfigurationList section */
		AB86F3CD265E037C004F6C71 /* Build configuration list for PBXProject "oonishiReonKadai7" */ = {
			isa = XCConfigurationList;
			buildConfigurations = (
				AB86F3E4265E0380004F6C71 /* Debug */,
				AB86F3E5265E0380004F6C71 /* Release */,
			);
			defaultConfigurationIsVisible = 0;
			defaultConfigurationName = Release;
		};
		AB86F3E6265E0380004F6C71 /* Build configuration list for PBXNativeTarget "oonishiReonKadai7" */ = {
			isa = XCConfigurationList;
			buildConfigurations = (
				AB86F3E7265E0380004F6C71 /* Debug */,
				AB86F3E8265E0380004F6C71 /* Release */,
			);
			defaultConfigurationIsVisible = 0;
			defaultConfigurationName = Release;
		};
/* End XCConfigurationList section */
	};
	rootObject = AB86F3CA265E037C004F6C71 /* Project object */;
}
